
Microsoft Visual Studio Solution File, Format Version 12.00
# Visual Studio 15
VisualStudioVersion = 15.0.27703.2035
MinimumVisualStudioVersion = 10.0.40219.1
Project("{FAE04EC0-301F-11D3-BF4B-00C04F79EFBC}") = "AssetManagementWeb", "AssetManagementWeb\AssetManagementWeb.csproj", "{23F8792B-345F-41A2-A7E5-D328C6BDB30D}"
EndProject
Global
	GlobalSection(SolutionConfigurationPlatforms) = preSolution
		Debug|Any CPU = Debug|Any CPU
		Release|Any CPU = Release|Any CPU
	EndGlobalSection
	GlobalSection(ProjectConfigurationPlatforms) = postSolution
		{23F8792B-345F-41A2-A7E5-D328C6BDB30D}.Debug|Any CPU.ActiveCfg = Debug|Any CPU
		{23F8792B-345F-41A2-A7E5-D328C6BDB30D}.Debug|Any CPU.Build.0 = Debug|Any CPU
		{23F8792B-345F-41A2-A7E5-D328C6BDB30D}.Release|Any CPU.ActiveCfg = Release|Any CPU
		{23F8792B-345F-41A2-A7E5-D328C6BDB30D}.Release|Any CPU.Build.0 = Release|Any CPU
	EndGlobalSection
	GlobalSection(SolutionProperties) = preSolution
		HideSolutionNode = FALSE
	EndGlobalSection
	GlobalSection(ExtensibilityGlobals) = postSolution
		SolutionGuid = {30BBF4F1-5922-4EB6-AAB7-D026C3DC2728}
	EndGlobalSection
EndGlobal
